
Microsoft Visual Studio Solution File, Format Version 12.00
# Visual Studio Version 16
VisualStudioVersion = 16.0.29201.188
MinimumVisualStudioVersion = 10.0.40219.1
Project("{FAE04EC0-301F-11D3-BF4B-00C04F79EFBC}") = "MobileApp.UWP", "MobileApp\MobileApp.UWP\MobileApp.UWP.csproj", "{56864A46-2B93-4622-A55A-946CDC04776D}"
EndProject
Project("{FAE04EC0-301F-11D3-BF4B-00C04F79EFBC}") = "MobileApp.Android", "MobileApp\MobileApp.Android\MobileApp.Android.csproj", "{43A926BF-ECEB-453C-BBF6-D2668ECAC88A}"
EndProject
Project("{FAE04EC0-301F-11D3-BF4B-00C04F79EFBC}") = "MobileApp.iOS", "MobileApp\MobileApp.iOS\MobileApp.iOS.csproj", "{97E96870-A405-42A1-85BF-FA3E2AC98FB3}"
EndProject
Project("{FAE04EC0-301F-11D3-BF4B-00C04F79EFBC}") = "MobileApp", "MobileApp\MobileApp\MobileApp.csproj", "{DC2B1EC5-0EF2-49FB-83C2-517A90323EB8}"
EndProject
Global
	GlobalSection(SolutionConfigurationPlatforms) = preSolution
		Debug|Any CPU = Debug|Any CPU
		Debug|ARM = Debug|ARM
		Debug|iPhone = Debug|iPhone
		Debug|iPhoneSimulator = Debug|iPhoneSimulator
		Debug|x64 = Debug|x64
		Debug|x86 = Debug|x86
		Release|Any CPU = Release|Any CPU
		Release|ARM = Release|ARM
		Release|iPhone = Release|iPhone
		Release|iPhoneSimulator = Release|iPhoneSimulator
		Release|x64 = Release|x64
		Release|x86 = Release|x86
	EndGlobalSection
	GlobalSection(ProjectConfigurationPlatforms) = postSolution
		{56864A46-2B93-4622-A55A-946CDC04776D}.Debug|Any CPU.ActiveCfg = Debug|x86
		{56864A46-2B93-4622-A55A-946CDC04776D}.Debug|Any CPU.Build.0 = Debug|x86
		{56864A46-2B93-4622-A55A-946CDC04776D}.Debug|Any CPU.Deploy.0 = Debug|x86
		{56864A46-2B93-4622-A55A-946CDC04776D}.Debug|ARM.ActiveCfg = Debug|ARM
		{56864A46-2B93-4622-A55A-946CDC04776D}.Debug|ARM.Build.0 = Debug|ARM
		{56864A46-2B93-4622-A55A-946CDC04776D}.Debug|ARM.Deploy.0 = Debug|ARM
		{56864A46-2B93-4622-A55A-946CDC04776D}.Debug|iPhone.ActiveCfg = Debug|x86
		{56864A46-2B93-4622-A55A-946CDC04776D}.Debug|iPhone.Build.0 = Debug|x86
		{56864A46-2B93-4622-A55A-946CDC04776D}.Debug|iPhone.Deploy.0 = Debug|x86
		{56864A46-2B93-4622-A55A-946CDC04776D}.Debug|iPhoneSimulator.ActiveCfg = Debug|x86
		{56864A46-2B93-4622-A55A-946CDC04776D}.Debug|iPhoneSimulator.Build.0 = Debug|x86
		{56864A46-2B93-4622-A55A-946CDC04776D}.Debug|iPhoneSimulator.Deploy.0 = Debug|x86
		{56864A46-2B93-4622-A55A-946CDC04776D}.Debug|x64.ActiveCfg = Debug|x64
		{56864A46-2B93-4622-A55A-946CDC04776D}.Debug|x64.Build.0 = Debug|x64
		{56864A46-2B93-4622-A55A-946CDC04776D}.Debug|x64.Deploy.0 = Debug|x64
		{56864A46-2B93-4622-A55A-946CDC04776D}.Debug|x86.ActiveCfg = Debug|x86
		{56864A46-2B93-4622-A55A-946CDC04776D}.Debug|x86.Build.0 = Debug|x86
		{56864A46-2B93-4622-A55A-946CDC04776D}.Debug|x86.Deploy.0 = Debug|x86
		{56864A46-2B93-4622-A55A-946CDC04776D}.Release|Any CPU.ActiveCfg = Release|x86
		{56864A46-2B93-4622-A55A-946CDC04776D}.Release|Any CPU.Build.0 = Release|x86
		{56864A46-2B93-4622-A55A-946CDC04776D}.Release|Any CPU.Deploy.0 = Release|x86
		{56864A46-2B93-4622-A55A-946CDC04776D}.Release|ARM.ActiveCfg = Release|ARM
		{56864A46-2B93-4622-A55A-946CDC04776D}.Release|ARM.Build.0 = Release|ARM
		{56864A46-2B93-4622-A55A-946CDC04776D}.Release|ARM.Deploy.0 = Release|ARM
		{56864A46-2B93-4622-A55A-946CDC04776D}.Release|iPhone.ActiveCfg = Release|x86
		{56864A46-2B93-4622-A55A-946CDC04776D}.Release|iPhone.Build.0 = Release|x86
		{56864A46-2B93-4622-A55A-946CDC04776D}.Release|iPhone.Deploy.0 = Release|x86
		{56864A46-2B93-4622-A55A-946CDC04776D}.Release|iPhoneSimulator.ActiveCfg = Release|x86
		{56864A46-2B93-4622-A55A-946CDC04776D}.Release|iPhoneSimulator.Build.0 = Release|x86
		{56864A46-2B93-4622-A55A-946CDC04776D}.Release|iPhoneSimulator.Deploy.0 = Release|x86
		{56864A46-2B93-4622-A55A-946CDC04776D}.Release|x64.ActiveCfg = Release|x64
		{56864A46-2B93-4622-A55A-946CDC04776D}.Release|x64.Build.0 = Release|x64
		{56864A46-2B93-4622-A55A-946CDC04776D}.Release|x64.Deploy.0 = Release|x64
		{56864A46-2B93-4622-A55A-946CDC04776D}.Release|x86.ActiveCfg = Release|x86
		{56864A46-2B93-4622-A55A-946CDC04776D}.Release|x86.Build.0 = Release|x86
		{56864A46-2B93-4622-A55A-946CDC04776D}.Release|x86.Deploy.0 = Release|x86
		{43A926BF-ECEB-453C-BBF6-D2668ECAC88A}.Debug|Any CPU.ActiveCfg = Debug|Any CPU
		{43A926BF-ECEB-453C-BBF6-D2668ECAC88A}.Debug|Any CPU.Build.0 = Debug|Any CPU
		{43A926BF-ECEB-453C-BBF6-D2668ECAC88A}.Debug|Any CPU.Deploy.0 = Debug|Any CPU
		{43A926BF-ECEB-453C-BBF6-D2668ECAC88A}.Debug|ARM.ActiveCfg = Debug|Any CPU
		{43A926BF-ECEB-453C-BBF6-D2668ECAC88A}.Debug|ARM.Build.0 = Debug|Any CPU
		{43A926BF-ECEB-453C-BBF6-D2668ECAC88A}.Debug|ARM.Deploy.0 = Debug|Any CPU
		{43A926BF-ECEB-453C-BBF6-D2668ECAC88A}.Debug|iPhone.ActiveCfg = Debug|Any CPU
		{43A926BF-ECEB-453C-BBF6-D2668ECAC88A}.Debug|iPhone.Build.0 = Debug|Any CPU
		{43A926BF-ECEB-453C-BBF6-D2668ECAC88A}.Debug|iPhone.Deploy.0 = Debug|Any CPU
		{43A926BF-ECEB-453C-BBF6-D2668ECAC88A}.Debug|iPhoneSimulator.ActiveCfg = Debug|Any CPU
		{43A926BF-ECEB-453C-BBF6-D2668ECAC88A}.Debug|iPhoneSimulator.Build.0 = Debug|Any CPU
		{43A926BF-ECEB-453C-BBF6-D2668ECAC88A}.Debug|iPhoneSimulator.Deploy.0 = Debug|Any CPU
		{43A926BF-ECEB-453C-BBF6-D2668ECAC88A}.Debug|x64.ActiveCfg = Debug|Any CPU
		{43A926BF-ECEB-453C-BBF6-D2668ECAC88A}.Debug|x64.Build.0 = Debug|Any CPU
		{43A926BF-ECEB-453C-BBF6-D2668ECAC88A}.Debug|x64.Deploy.0 = Debug|Any CPU
		{43A926BF-ECEB-453C-BBF6-D2668ECAC88A}.Debug|x86.ActiveCfg = Debug|Any CPU
		{43A926BF-ECEB-453C-BBF6-D2668ECAC88A}.Debug|x86.Build.0 = Debug|Any CPU
		{43A926BF-ECEB-453C-BBF6-D2668ECAC88A}.Debug|x86.Deploy.0 = Debug|Any CPU
		{43A926BF-ECEB-453C-BBF6-D2668ECAC88A}.Release|Any CPU.ActiveCfg = Release|Any CPU
		{43A926BF-ECEB-453C-BBF6-D2668ECAC88A}.Release|Any CPU.Build.0 = Release|Any CPU
		{43A926BF-ECEB-453C-BBF6-D2668ECAC88A}.Release|Any CPU.Deploy.0 = Release|Any CPU
		{43A926BF-ECEB-453C-BBF6-D2668ECAC88A}.Release|ARM.ActiveCfg = Release|Any CPU
		{43A926BF-ECEB-453C-BBF6-D2668ECAC88A}.Release|ARM.Build.0 = Release|Any CPU
		{43A926BF-ECEB-453C-BBF6-D2668ECAC88A}.Release|ARM.Deploy.0 = Release|Any CPU
		{43A926BF-ECEB-453C-BBF6-D2668ECAC88A}.Release|iPhone.ActiveCfg = Release|Any CPU
		{43A926BF-ECEB-453C-BBF6-D2668ECAC88A}.Release|iPhone.Build.0 = Release|Any CPU
		{43A926BF-ECEB-453C-BBF6-D2668ECAC88A}.Release|iPhone.Deploy.0 = Release|Any CPU
		{43A926BF-ECEB-453C-BBF6-D2668ECAC88A}.Release|iPhoneSimulator.ActiveCfg = Release|Any CPU
		{43A926BF-ECEB-453C-BBF6-D2668ECAC88A}.Release|iPhoneSimulator.Build.0 = Release|Any CPU
		{43A926BF-ECEB-453C-BBF6-D2668ECAC88A}.Release|iPhoneSimulator.Deploy.0 = Release|Any CPU
		{43A926BF-ECEB-453C-BBF6-D2668ECAC88A}.Release|x64.ActiveCfg = Release|Any CPU
		{43A926BF-ECEB-453C-BBF6-D2668ECAC88A}.Release|x64.Build.0 = Release|Any CPU
		{43A926BF-ECEB-453C-BBF6-D2668ECAC88A}.Release|x64.Deploy.0 = Release|Any CPU
		{43A926BF-ECEB-453C-BBF6-D2668ECAC88A}.Release|x86.ActiveCfg = Release|Any CPU
		{43A926BF-ECEB-453C-BBF6-D2668ECAC88A}.Release|x86.Build.0 = Release|Any CPU
		{43A926BF-ECEB-453C-BBF6-D2668ECAC88A}.Release|x86.Deploy.0 = Release|Any CPU
		{97E96870-A405-42A1-85BF-FA3E2AC98FB3}.Debug|Any CPU.ActiveCfg = Debug|iPhone
		{97E96870-A405-42A1-85BF-FA3E2AC98FB3}.Debug|Any CPU.Build.0 = Debug|iPhone
		{97E96870-A405-42A1-85BF-FA3E2AC98FB3}.Debug|Any CPU.Deploy.0 = Debug|iPhone
		{97E96870-A405-42A1-85BF-FA3E2AC98FB3}.Debug|ARM.ActiveCfg = Debug|iPhoneSimulator
		{97E96870-A405-42A1-85BF-FA3E2AC98FB3}.Debug|ARM.Build.0 = Debug|iPhoneSimulator
		{97E96870-A405-42A1-85BF-FA3E2AC98FB3}.Debug|ARM.Deploy.0 = Debug|iPhoneSimulator
		{97E96870-A405-42A1-85BF-FA3E2AC98FB3}.Debug|iPhone.ActiveCfg = Debug|iPhone
		{97E96870-A405-42A1-85BF-FA3E2AC98FB3}.Debug|iPhone.Build.0 = Debug|iPhone
		{97E96870-A405-42A1-85BF-FA3E2AC98FB3}.Debug|iPhone.Deploy.0 = Debug|iPhone
		{97E96870-A405-42A1-85BF-FA3E2AC98FB3}.Debug|iPhoneSimulator.ActiveCfg = Debug|iPhoneSimulator
		{97E96870-A405-42A1-85BF-FA3E2AC98FB3}.Debug|iPhoneSimulator.Build.0 = Debug|iPhoneSimulator
		{97E96870-A405-42A1-85BF-FA3E2AC98FB3}.Debug|iPhoneSimulator.Deploy.0 = Debug|iPhoneSimulator
		{97E96870-A405-42A1-85BF-FA3E2AC98FB3}.Debug|x64.ActiveCfg = Debug|iPhone
		{97E96870-A405-42A1-85BF-FA3E2AC98FB3}.Debug|x64.Build.0 = Debug|iPhone
		{97E96870-A405-42A1-85BF-FA3E2AC98FB3}.Debug|x64.Deploy.0 = Debug|iPhone
		{97E96870-A405-42A1-85BF-FA3E2AC98FB3}.Debug|x86.ActiveCfg = Debug|iPhone
		{97E96870-A405-42A1-85BF-FA3E2AC98FB3}.Debug|x86.Build.0 = Debug|iPhone
		{97E96870-A405-42A1-85BF-FA3E2AC98FB3}.Debug|x86.Deploy.0 = Debug|iPhone
		{97E96870-A405-42A1-85BF-FA3E2AC98FB3}.Release|Any CPU.ActiveCfg = Release|iPhone
		{97E96870-A405-42A1-85BF-FA3E2AC98FB3}.Release|Any CPU.Build.0 = Release|iPhone
		{97E96870-A405-42A1-85BF-FA3E2AC98FB3}.Release|Any CPU.Deploy.0 = Release|iPhone
		{97E96870-A405-42A1-85BF-FA3E2AC98FB3}.Release|ARM.ActiveCfg = Release|iPhone
		{97E96870-A405-42A1-85BF-FA3E2AC98FB3}.Release|ARM.Build.0 = Release|iPhone
		{97E96870-A405-42A1-85BF-FA3E2AC98FB3}.Release|ARM.Deploy.0 = Release|iPhone
		{97E96870-A405-42A1-85BF-FA3E2AC98FB3}.Release|iPhone.ActiveCfg = Release|iPhone
		{97E96870-A405-42A1-85BF-FA3E2AC98FB3}.Release|iPhone.Build.0 = Release|iPhone
		{97E96870-A405-42A1-85BF-FA3E2AC98FB3}.Release|iPhone.Deploy.0 = Release|iPhone
		{97E96870-A405-42A1-85BF-FA3E2AC98FB3}.Release|iPhoneSimulator.ActiveCfg = Release|iPhoneSimulator
		{97E96870-A405-42A1-85BF-FA3E2AC98FB3}.Release|iPhoneSimulator.Build.0 = Release|iPhoneSimulator
		{97E96870-A405-42A1-85BF-FA3E2AC98FB3}.Release|iPhoneSimulator.Deploy.0 = Release|iPhoneSimulator
		{97E96870-A405-42A1-85BF-FA3E2AC98FB3}.Release|x64.ActiveCfg = Release|iPhone
		{97E96870-A405-42A1-85BF-FA3E2AC98FB3}.Release|x64.Build.0 = Release|iPhone
		{97E96870-A405-42A1-85BF-FA3E2AC98FB3}.Release|x64.Deploy.0 = Release|iPhone
		{97E96870-A405-42A1-85BF-FA3E2AC98FB3}.Release|x86.ActiveCfg = Release|iPhone
		{97E96870-A405-42A1-85BF-FA3E2AC98FB3}.Release|x86.Build.0 = Release|iPhone
		{97E96870-A405-42A1-85BF-FA3E2AC98FB3}.Release|x86.Deploy.0 = Release|iPhone
		{DC2B1EC5-0EF2-49FB-83C2-517A90323EB8}.Debug|Any CPU.ActiveCfg = Debug|Any CPU
		{DC2B1EC5-0EF2-49FB-83C2-517A90323EB8}.Debug|Any CPU.Build.0 = Debug|Any CPU
		{DC2B1EC5-0EF2-49FB-83C2-517A90323EB8}.Debug|Any CPU.Deploy.0 = Debug|Any CPU
		{DC2B1EC5-0EF2-49FB-83C2-517A90323EB8}.Debug|ARM.ActiveCfg = Debug|Any CPU
		{DC2B1EC5-0EF2-49FB-83C2-517A90323EB8}.Debug|ARM.Build.0 = Debug|Any CPU
		{DC2B1EC5-0EF2-49FB-83C2-517A90323EB8}.Debug|ARM.Deploy.0 = Debug|Any CPU
		{DC2B1EC5-0EF2-49FB-83C2-517A90323EB8}.Debug|iPhone.ActiveCfg = Debug|Any CPU
		{DC2B1EC5-0EF2-49FB-83C2-517A90323EB8}.Debug|iPhone.Build.0 = Debug|Any CPU
		{DC2B1EC5-0EF2-49FB-83C2-517A90323EB8}.Debug|iPhone.Deploy.0 = Debug|Any CPU
		{DC2B1EC5-0EF2-49FB-83C2-517A90323EB8}.Debug|iPhoneSimulator.ActiveCfg = Debug|Any CPU
		{DC2B1EC5-0EF2-49FB-83C2-517A90323EB8}.Debug|iPhoneSimulator.Build.0 = Debug|Any CPU
		{DC2B1EC5-0EF2-49FB-83C2-517A90323EB8}.Debug|iPhoneSimulator.Deploy.0 = Debug|Any CPU
		{DC2B1EC5-0EF2-49FB-83C2-517A90323EB8}.Debug|x64.ActiveCfg = Debug|Any CPU
		{DC2B1EC5-0EF2-49FB-83C2-517A90323EB8}.Debug|x64.Build.0 = Debug|Any CPU
		{DC2B1EC5-0EF2-49FB-83C2-517A90323EB8}.Debug|x64.Deploy.0 = Debug|Any CPU
		{DC2B1EC5-0EF2-49FB-83C2-517A90323EB8}.Debug|x86.ActiveCfg = Debug|Any CPU
		{DC2B1EC5-0EF2-49FB-83C2-517A90323EB8}.Debug|x86.Build.0 = Debug|Any CPU
		{DC2B1EC5-0EF2-49FB-83C2-517A90323EB8}.Debug|x86.Deploy.0 = Debug|Any CPU
		{DC2B1EC5-0EF2-49FB-83C2-517A90323EB8}.Release|Any CPU.ActiveCfg = Release|Any CPU
		{DC2B1EC5-0EF2-49FB-83C2-517A90323EB8}.Release|Any CPU.Build.0 = Release|Any CPU
		{DC2B1EC5-0EF2-49FB-83C2-517A90323EB8}.Release|Any CPU.Deploy.0 = Release|Any CPU
		{DC2B1EC5-0EF2-49FB-83C2-517A90323EB8}.Release|ARM.ActiveCfg = Release|Any CPU
		{DC2B1EC5-0EF2-49FB-83C2-517A90323EB8}.Release|ARM.Build.0 = Release|Any CPU
		{DC2B1EC5-0EF2-49FB-83C2-517A90323EB8}.Release|ARM.Deploy.0 = Release|Any CPU
		{DC2B1EC5-0EF2-49FB-83C2-517A90323EB8}.Release|iPhone.ActiveCfg = Release|Any CPU
		{DC2B1EC5-0EF2-49FB-83C2-517A90323EB8}.Release|iPhone.Build.0 = Release|Any CPU
		{DC2B1EC5-0EF2-49FB-83C2-517A90323EB8}.Release|iPhone.Deploy.0 = Release|Any CPU
		{DC2B1EC5-0EF2-49FB-83C2-517A90323EB8}.Release|iPhoneSimulator.ActiveCfg = Release|Any CPU
		{DC2B1EC5-0EF2-49FB-83C2-517A90323EB8}.Release|iPhoneSimulator.Build.0 = Release|Any CPU
		{DC2B1EC5-0EF2-49FB-83C2-517A90323EB8}.Release|iPhoneSimulator.Deploy.0 = Release|Any CPU
		{DC2B1EC5-0EF2-49FB-83C2-517A90323EB8}.Release|x64.ActiveCfg = Release|Any CPU
		{DC2B1EC5-0EF2-49FB-83C2-517A90323EB8}.Release|x64.Build.0 = Release|Any CPU
		{DC2B1EC5-0EF2-49FB-83C2-517A90323EB8}.Release|x64.Deploy.0 = Release|Any CPU
		{DC2B1EC5-0EF2-49FB-83C2-517A90323EB8}.Release|x86.ActiveCfg = Release|Any CPU
		{DC2B1EC5-0EF2-49FB-83C2-517A90323EB8}.Release|x86.Build.0 = Release|Any CPU
		{DC2B1EC5-0EF2-49FB-83C2-517A90323EB8}.Release|x86.Deploy.0 = Release|Any CPU
	EndGlobalSection
	GlobalSection(SolutionProperties) = preSolution
		HideSolutionNode = FALSE
	EndGlobalSection
	GlobalSection(ExtensibilityGlobals) = postSolution
		SolutionGuid = {ACD556A5-C3F6-4A7A-98A9-9936BB9CDF79}
	EndGlobalSection
EndGlobal
